
Microsoft Visual Studio Solution File, Format Version 12.00
# Visual Studio Version 17
VisualStudioVersion = 17.7.34202.233
MinimumVisualStudioVersion = 10.0.40219.1
Project("{FAE04EC0-301F-11D3-BF4B-00C04F79EFBC}") = "PruebaLibreriaCalculadora", "PruebaLibreriaCalculadora\PruebaLibreriaCalculadora.csproj", "{D55FF735-4F80-4F70-A3F9-464983946DCD}"
EndProject
Global
	GlobalSection(SolutionConfigurationPlatforms) = preSolution
		Debug|Any CPU = Debug|Any CPU
		Release|Any CPU = Release|Any CPU
	EndGlobalSection
	GlobalSection(ProjectConfigurationPlatforms) = postSolution
		{D55FF735-4F80-4F70-A3F9-464983946DCD}.Debug|Any CPU.ActiveCfg = Debug|Any CPU
		{D55FF735-4F80-4F70-A3F9-464983946DCD}.Debug|Any CPU.Build.0 = Debug|Any CPU
		{D55FF735-4F80-4F70-A3F9-464983946DCD}.Release|Any CPU.ActiveCfg = Release|Any CPU
		{D55FF735-4F80-4F70-A3F9-464983946DCD}.Release|Any CPU.Build.0 = Release|Any CPU
	EndGlobalSection
	GlobalSection(SolutionProperties) = preSolution
		HideSolutionNode = FALSE
	EndGlobalSection
	GlobalSection(ExtensibilityGlobals) = postSolution
		SolutionGuid = {5586DD57-2932-4AF6-BF65-E98C76441B60}
	EndGlobalSection
EndGlobal
