
Microsoft Visual Studio Solution File, Format Version 12.00
# Visual Studio Version 17
VisualStudioVersion = 17.7.34202.233
MinimumVisualStudioVersion = 10.0.40219.1
Project("{FAE04EC0-301F-11D3-BF4B-00C04F79EFBC}") = "ComponenteRelojCompleto", "ComponenteRelojCompleto\ComponenteRelojCompleto.csproj", "{A83D65FE-903D-418D-92CF-5BF860A7C72A}"
EndProject
Global
	GlobalSection(SolutionConfigurationPlatforms) = preSolution
		Debug|Any CPU = Debug|Any CPU
		Release|Any CPU = Release|Any CPU
	EndGlobalSection
	GlobalSection(ProjectConfigurationPlatforms) = postSolution
		{A83D65FE-903D-418D-92CF-5BF860A7C72A}.Debug|Any CPU.ActiveCfg = Debug|Any CPU
		{A83D65FE-903D-418D-92CF-5BF860A7C72A}.Debug|Any CPU.Build.0 = Debug|Any CPU
		{A83D65FE-903D-418D-92CF-5BF860A7C72A}.Release|Any CPU.ActiveCfg = Release|Any CPU
		{A83D65FE-903D-418D-92CF-5BF860A7C72A}.Release|Any CPU.Build.0 = Release|Any CPU
	EndGlobalSection
	GlobalSection(SolutionProperties) = preSolution
		HideSolutionNode = FALSE
	EndGlobalSection
	GlobalSection(ExtensibilityGlobals) = postSolution
		SolutionGuid = {94119FD1-29A3-4C95-ACFF-5CFB72904288}
	EndGlobalSection
EndGlobal
