
Microsoft Visual Studio Solution File, Format Version 12.00
# Visual Studio Version 17
VisualStudioVersion = 17.7.34202.233
MinimumVisualStudioVersion = 10.0.40219.1
Project("{FAE04EC0-301F-11D3-BF4B-00C04F79EFBC}") = "Pizzeria", "Pizzeria\Pizzeria.csproj", "{43AD98FC-399A-4611-BB85-CA3FE5F7540C}"
EndProject
Global
	GlobalSection(SolutionConfigurationPlatforms) = preSolution
		Debug|Any CPU = Debug|Any CPU
		Release|Any CPU = Release|Any CPU
	EndGlobalSection
	GlobalSection(ProjectConfigurationPlatforms) = postSolution
		{43AD98FC-399A-4611-BB85-CA3FE5F7540C}.Debug|Any CPU.ActiveCfg = Debug|Any CPU
		{43AD98FC-399A-4611-BB85-CA3FE5F7540C}.Debug|Any CPU.Build.0 = Debug|Any CPU
		{43AD98FC-399A-4611-BB85-CA3FE5F7540C}.Release|Any CPU.ActiveCfg = Release|Any CPU
		{43AD98FC-399A-4611-BB85-CA3FE5F7540C}.Release|Any CPU.Build.0 = Release|Any CPU
	EndGlobalSection
	GlobalSection(SolutionProperties) = preSolution
		HideSolutionNode = FALSE
	EndGlobalSection
	GlobalSection(ExtensibilityGlobals) = postSolution
		SolutionGuid = {801D7052-99A7-4ADA-B152-9DDCE54D046A}
	EndGlobalSection
EndGlobal
