
Microsoft Visual Studio Solution File, Format Version 12.00
# Visual Studio Version 17
VisualStudioVersion = 17.7.34202.233
MinimumVisualStudioVersion = 10.0.40219.1
Project("{FAE04EC0-301F-11D3-BF4B-00C04F79EFBC}") = "EjercicioRandomComponente", "EjercicioRandomComponente\EjercicioRandomComponente.csproj", "{372AF316-1F7A-42AE-B326-4CE3F25FB1D6}"
EndProject
Global
	GlobalSection(SolutionConfigurationPlatforms) = preSolution
		Debug|Any CPU = Debug|Any CPU
		Release|Any CPU = Release|Any CPU
	EndGlobalSection
	GlobalSection(ProjectConfigurationPlatforms) = postSolution
		{372AF316-1F7A-42AE-B326-4CE3F25FB1D6}.Debug|Any CPU.ActiveCfg = Debug|Any CPU
		{372AF316-1F7A-42AE-B326-4CE3F25FB1D6}.Debug|Any CPU.Build.0 = Debug|Any CPU
		{372AF316-1F7A-42AE-B326-4CE3F25FB1D6}.Release|Any CPU.ActiveCfg = Release|Any CPU
		{372AF316-1F7A-42AE-B326-4CE3F25FB1D6}.Release|Any CPU.Build.0 = Release|Any CPU
	EndGlobalSection
	GlobalSection(SolutionProperties) = preSolution
		HideSolutionNode = FALSE
	EndGlobalSection
	GlobalSection(ExtensibilityGlobals) = postSolution
		SolutionGuid = {A378EF02-EC0A-4383-BF8C-1D0D7553501D}
	EndGlobalSection
EndGlobal
